<?xml version="1.0" encoding="utf-8"?>
<Project ToolsVersion="4.0" xmlns="http://schemas.microsoft.com/developer/msbuild/2003">
  <ItemGroup>
    <Filter Include="Source Files">
      <UniqueIdentifier>{4FC737F1-C7A5-4376-A066-2A32D752A2FF}</UniqueIdentifier>
      <Extensions>cpp;cxx;c;def</Extensions>
    </Filter>
    <Filter Include="Header Files">
      <UniqueIdentifier>{93995380-89BD-4b04-88EB-625FBE52EBFB}</UniqueIdentifier>
      <Extensions>h</Extensions>
    </Filter>
    <Filter Include="Form Files">
      <UniqueIdentifier>{99349809-55BA-4b9d-BF79-8FDBB0286EB3}</UniqueIdentifier>
      <Extensions>ui</Extensions>
    </Filter>
    <Filter Include="Resource Files">
      <UniqueIdentifier>{D9D6E242-F8AF-46E4-B9FD-80ECBC20BA3E}</UniqueIdentifier>
      <Extensions>qrc;*</Extensions>
      <ParseFiles>false</ParseFiles>
    </Filter>
    <Filter Include="Generated Files">
      <UniqueIdentifier>{71ED8ED8-ACB9-4CE9-BBE1-E00B30144E11}</UniqueIdentifier>
      <Extensions>moc;h;cpp</Extensions>
      <SourceControlFiles>False</SourceControlFiles>
    </Filter>
    <Filter Include="Generated Files\Debug">
      <UniqueIdentifier>{7951bcf9-57c2-402d-aea5-d9358676bbb6}</UniqueIdentifier>
      <Extensions>cpp;moc</Extensions>
      <SourceControlFiles>False</SourceControlFiles>
    </Filter>
    <Filter Include="Generated Files\Release">
      <UniqueIdentifier>{93d9b094-8fbe-4b7f-9d10-fd5d460f2800}</UniqueIdentifier>
      <Extensions>cpp;moc</Extensions>
      <SourceControlFiles>False</SourceControlFiles>
    </Filter>
  </ItemGroup>
  <ItemGroup>
    <ClCompile Include="main.cpp">
      <Filter>Source Files</Filter>
    </ClCompile>
    <ClCompile Include="scada.cpp">
      <Filter>Source Files</Filter>
    </ClCompile>
    <ClCompile Include="GeneratedFiles\Debug\moc_scada.cpp">
      <Filter>Generated Files\Debug</Filter>
    </ClCompile>
    <ClCompile Include="GeneratedFiles\Release\moc_scada.cpp">
      <Filter>Generated Files\Release</Filter>
    </ClCompile>
    <ClCompile Include="GeneratedFiles\qrc_scada.cpp">
      <Filter>Generated Files</Filter>
    </ClCompile>
    <ClCompile Include="sysconfig.cpp">
      <Filter>Source Files</Filter>
    </ClCompile>
    <ClCompile Include="GeneratedFiles\Debug\moc_sysconfig.cpp">
      <Filter>Generated Files\Debug</Filter>
    </ClCompile>
    <ClCompile Include="GeneratedFiles\Release\moc_sysconfig.cpp">
      <Filter>Generated Files\Release</Filter>
    </ClCompile>
    <ClCompile Include="GeneratedFiles\Debug\moc_datamanager.cpp">
      <Filter>Generated Files\Debug</Filter>
    </ClCompile>
    <ClCompile Include="GeneratedFiles\Release\moc_datamanager.cpp">
      <Filter>Generated Files\Release</Filter>
    </ClCompile>
    <ClCompile Include="datamanager.cpp">
      <Filter>Source Files</Filter>
    </ClCompile>
    <ClCompile Include="src\configure.cpp">
      <Filter>Source Files</Filter>
    </ClCompile>
    <ClCompile Include="GeneratedFiles\Debug\moc_configure.cpp">
      <Filter>Generated Files\Debug</Filter>
    </ClCompile>
    <ClCompile Include="GeneratedFiles\Release\moc_configure.cpp">
      <Filter>Generated Files\Release</Filter>
    </ClCompile>
    <ClCompile Include="connectdb.cpp">
      <Filter>Source Files</Filter>
    </ClCompile>
    <ClCompile Include="src\InfoMsg.cpp">
      <Filter>Source Files</Filter>
    </ClCompile>
    <ClCompile Include="GeneratedFiles\Debug\moc_pageconfig.cpp">
      <Filter>Generated Files\Debug</Filter>
    </ClCompile>
    <ClCompile Include="GeneratedFiles\Release\moc_pageconfig.cpp">
      <Filter>Generated Files\Release</Filter>
    </ClCompile>
    <ClCompile Include="src\enginemeter.cpp">
      <Filter>Source Files</Filter>
    </ClCompile>
    <ClCompile Include="GeneratedFiles\Debug\moc_enginemeter.cpp">
      <Filter>Generated Files\Debug</Filter>
    </ClCompile>
    <ClCompile Include="GeneratedFiles\Release\moc_enginemeter.cpp">
      <Filter>Generated Files\Release</Filter>
    </ClCompile>
    <ClCompile Include="src\fuelmeter.cpp">
      <Filter>Source Files</Filter>
    </ClCompile>
    <ClCompile Include="GeneratedFiles\Debug\moc_fuelmeter.cpp">
      <Filter>Generated Files\Debug</Filter>
    </ClCompile>
    <ClCompile Include="GeneratedFiles\Release\moc_fuelmeter.cpp">
      <Filter>Generated Files\Release</Filter>
    </ClCompile>
    <ClCompile Include="src\indicatorlamp.cpp">
      <Filter>Source Files</Filter>
    </ClCompile>
    <ClCompile Include="GeneratedFiles\Debug\moc_indicatorlamp.cpp">
      <Filter>Generated Files\Debug</Filter>
    </ClCompile>
    <ClCompile Include="GeneratedFiles\Release\moc_indicatorlamp.cpp">
      <Filter>Generated Files\Release</Filter>
    </ClCompile>
    <ClCompile Include="src\qbasemeter.cpp">
      <Filter>Source Files</Filter>
    </ClCompile>
    <ClCompile Include="GeneratedFiles\Debug\moc_qbasemeter.cpp">
      <Filter>Generated Files\Debug</Filter>
    </ClCompile>
    <ClCompile Include="GeneratedFiles\Release\moc_qbasemeter.cpp">
      <Filter>Generated Files\Release</Filter>
    </ClCompile>
    <ClCompile Include="src\qmeter.cpp">
      <Filter>Source Files</Filter>
    </ClCompile>
    <ClCompile Include="GeneratedFiles\Debug\moc_qmeter.cpp">
      <Filter>Generated Files\Debug</Filter>
    </ClCompile>
    <ClCompile Include="GeneratedFiles\Release\moc_qmeter.cpp">
      <Filter>Generated Files\Release</Filter>
    </ClCompile>
    <ClCompile Include="src\thermometer.cpp">
      <Filter>Source Files</Filter>
    </ClCompile>
    <ClCompile Include="GeneratedFiles\Debug\moc_thermometer.cpp">
      <Filter>Generated Files\Debug</Filter>
    </ClCompile>
    <ClCompile Include="GeneratedFiles\Release\moc_thermometer.cpp">
      <Filter>Generated Files\Release</Filter>
    </ClCompile>
    <ClCompile Include="pageconfig.cpp">
      <Filter>Source Files</Filter>
    </ClCompile>
    <ClCompile Include="src\thermometerconfig.cpp">
      <Filter>Source Files</Filter>
    </ClCompile>
    <ClCompile Include="GeneratedFiles\Debug\moc_thermometerconfig.cpp">
      <Filter>Generated Files\Debug</Filter>
    </ClCompile>
    <ClCompile Include="GeneratedFiles\Release\moc_thermometerconfig.cpp">
      <Filter>Generated Files\Release</Filter>
    </ClCompile>
    <ClCompile Include="indicatorconfigdlg.cpp">
      <Filter>Source Files</Filter>
    </ClCompile>
    <ClCompile Include="GeneratedFiles\Debug\moc_indicatorconfigdlg.cpp">
      <Filter>Generated Files\Debug</Filter>
    </ClCompile>
    <ClCompile Include="GeneratedFiles\Release\moc_indicatorconfigdlg.cpp">
      <Filter>Generated Files\Release</Filter>
    </ClCompile>
    <ClCompile Include="GeneratedFiles\Debug\moc_pageconfigdlg.cpp">
      <Filter>Generated Files\Debug</Filter>
    </ClCompile>
    <ClCompile Include="GeneratedFiles\Release\moc_pageconfigdlg.cpp">
      <Filter>Generated Files\Release</Filter>
    </ClCompile>
    <ClCompile Include="meterconfigdlg.cpp">
      <Filter>Source Files</Filter>
    </ClCompile>
    <ClCompile Include="GeneratedFiles\Release\moc_meterconfigdlg.cpp">
      <Filter>Generated Files\Release</Filter>
    </ClCompile>
    <ClCompile Include="GeneratedFiles\Release\moc_meterconfigdlg.cpp">
      <Filter>Generated Files\Release</Filter>
    </ClCompile>
    <ClCompile Include="pageconfigdlg.cpp">
      <Filter>Source Files</Filter>
    </ClCompile>
    <ClCompile Include="stackedpage.cpp">
      <Filter>Source Files</Filter>
    </ClCompile>
    <ClCompile Include="GeneratedFiles\Debug\moc_stackedpage.cpp">
      <Filter>Generated Files\Debug</Filter>
    </ClCompile>
    <ClCompile Include="GeneratedFiles\Release\moc_stackedpage.cpp">
      <Filter>Generated Files\Release</Filter>
    </ClCompile>
    <ClCompile Include="SettingFiles.cpp">
      <Filter>Source Files</Filter>
    </ClCompile>
    <ClCompile Include="src\basepage.cpp">
      <Filter>Source Files</Filter>
    </ClCompile>
    <ClCompile Include="GeneratedFiles\Debug\moc_basepage.cpp">
      <Filter>Generated Files\Debug</Filter>
    </ClCompile>
    <ClCompile Include="GeneratedFiles\Release\moc_basepage.cpp">
      <Filter>Generated Files\Release</Filter>
    </ClCompile>
    <ClCompile Include="CanOpen\canopenprotocol.cpp">
      <Filter>Source Files</Filter>
    </ClCompile>
    <ClCompile Include="GeneratedFiles\Debug\moc_canopenprotocol.cpp">
      <Filter>Generated Files\Debug</Filter>
    </ClCompile>
    <ClCompile Include="GeneratedFiles\Release\moc_canopenprotocol.cpp">
      <Filter>Generated Files\Release</Filter>
    </ClCompile>
    <ClCompile Include="CanOpen\canopentestdlg.cpp">
      <Filter>Source Files</Filter>
    </ClCompile>
    <ClCompile Include="GeneratedFiles\Debug\moc_canopentestdlg.cpp">
      <Filter>Generated Files\Debug</Filter>
    </ClCompile>
    <ClCompile Include="GeneratedFiles\Release\moc_canopentestdlg.cpp">
      <Filter>Generated Files\Release</Filter>
    </ClCompile>
    <ClCompile Include="channel.cpp">
      <Filter>Source Files</Filter>
    </ClCompile>
    <ClCompile Include="CanOpen\CanNode.cpp">
      <Filter>Source Files</Filter>
    </ClCompile>
    <ClCompile Include="Distance\dataoperate.cpp">
      <Filter>Source Files</Filter>
    </ClCompile>
    <ClCompile Include="Distance\Leastsquare.cpp">
      <Filter>Source Files</Filter>
    </ClCompile>
    <ClCompile Include="Distance\distance.cpp">
      <Filter>Source Files</Filter>
    </ClCompile>
    <ClCompile Include="GeneratedFiles\Debug\moc_distance.cpp">
      <Filter>Generated Files\Debug</Filter>
    </ClCompile>
    <ClCompile Include="GeneratedFiles\Release\moc_distance.cpp">
      <Filter>Generated Files\Release</Filter>
    </ClCompile>
    <ClCompile Include="Distance\console.cpp">
      <Filter>Source Files</Filter>
    </ClCompile>
    <ClCompile Include="GeneratedFiles\Debug\moc_console.cpp">
      <Filter>Generated Files\Debug</Filter>
    </ClCompile>
    <ClCompile Include="GeneratedFiles\Release\moc_console.cpp">
      <Filter>Generated Files\Release</Filter>
    </ClCompile>
    <ClCompile Include="Distance\serialdialog.cpp">
      <Filter>Source Files</Filter>
    </ClCompile>
    <ClCompile Include="GeneratedFiles\Debug\moc_serialdialog.cpp">
      <Filter>Generated Files\Debug</Filter>
    </ClCompile>
    <ClCompile Include="GeneratedFiles\Release\moc_serialdialog.cpp">
      <Filter>Generated Files\Release</Filter>
    </ClCompile>
    <ClCompile Include="Distance\settingsdialog.cpp">
      <Filter>Source Files</Filter>
    </ClCompile>
    <ClCompile Include="GeneratedFiles\Debug\moc_settingsdialog.cpp">
      <Filter>Generated Files\Debug</Filter>
    </ClCompile>
    <ClCompile Include="GeneratedFiles\Release\moc_settingsdialog.cpp">
      <Filter>Generated Files\Release</Filter>
    </ClCompile>
    <ClCompile Include="qscalesetting.cpp">
      <Filter>Source Files</Filter>
    </ClCompile>
    <ClCompile Include="GeneratedFiles\Debug\moc_qscalesetting.cpp">
      <Filter>Generated Files\Debug</Filter>
    </ClCompile>
    <ClCompile Include="GeneratedFiles\Release\moc_qscalesetting.cpp">
      <Filter>Generated Files\Release</Filter>
    </ClCompile>
    <ClCompile Include="addscaledata.cpp">
      <Filter>Source Files</Filter>
    </ClCompile>
    <ClCompile Include="GeneratedFiles\Debug\moc_addscaledata.cpp">
      <Filter>Generated Files\Debug</Filter>
    </ClCompile>
    <ClCompile Include="GeneratedFiles\Release\moc_addscaledata.cpp">
      <Filter>Generated Files\Release</Filter>
    </ClCompile>
  </ItemGroup>
  <ItemGroup>
    <CustomBuild Include="scada.h">
      <Filter>Header Files</Filter>
    </CustomBuild>
    <CustomBuild Include="scada.qrc">
      <Filter>Resource Files</Filter>
    </CustomBuild>
    <CustomBuild Include="sysconfig.h">
      <Filter>Header Files</Filter>
    </CustomBuild>
    <CustomBuild Include="sysconfig.ui">
      <Filter>Form Files</Filter>
    </CustomBuild>
    <CustomBuild Include="connectdb.h">
      <Filter>Header Files</Filter>
    </CustomBuild>
    <CustomBuild Include="dataManager.ui">
      <Filter>Form Files</Filter>
    </CustomBuild>
    <CustomBuild Include="datamanager.h">
      <Filter>Header Files</Filter>
    </CustomBuild>
    <CustomBuild Include="src\configure.h">
      <Filter>Header Files</Filter>
    </CustomBuild>
    <CustomBuild Include="pageconfig.h">
      <Filter>Header Files</Filter>
    </CustomBuild>
    <CustomBuild Include="src\enginemeter.h">
      <Filter>Header Files</Filter>
    </CustomBuild>
    <CustomBuild Include="src\indicatorlamp.h">
      <Filter>Header Files</Filter>
    </CustomBuild>
    <CustomBuild Include="src\qbasemeter.h">
      <Filter>Header Files</Filter>
    </CustomBuild>
    <CustomBuild Include="src\qmeter.h">
      <Filter>Header Files</Filter>
    </CustomBuild>
    <CustomBuild Include="src\thermometer.h">
      <Filter>Header Files</Filter>
    </CustomBuild>
    <CustomBuild Include="src\thermometerconfig.h">
      <Filter>Header Files</Filter>
    </CustomBuild>
    <CustomBuild Include="src\thermometerconfig.ui">
      <Filter>Form Files</Filter>
    </CustomBuild>
    <CustomBuild Include="indicatorconfigdlg.h">
      <Filter>Header Files</Filter>
    </CustomBuild>
    <CustomBuild Include="indicatorconfigdlg.ui">
      <Filter>Form Files</Filter>
    </CustomBuild>
    <CustomBuild Include="pageconfig.ui">
      <Filter>Form Files</Filter>
    </CustomBuild>
    <CustomBuild Include="pageconfigdlg.h">
      <Filter>Header Files</Filter>
    </CustomBuild>
    <CustomBuild Include="meterconfigdlg.h">
      <Filter>Header Files</Filter>
    </CustomBuild>
    <CustomBuild Include="meterconfigdlg.ui">
      <Filter>Form Files</Filter>
    </CustomBuild>
    <CustomBuild Include="pageconfigdlg.ui">
      <Filter>Form Files</Filter>
    </CustomBuild>
    <CustomBuild Include="stackedpage.h">
      <Filter>Header Files</Filter>
    </CustomBuild>
    <CustomBuild Include="src\fuelmeter.h">
      <Filter>Header Files</Filter>
    </CustomBuild>
    <CustomBuild Include="src\basepage.h">
      <Filter>Header Files</Filter>
    </CustomBuild>
    <CustomBuild Include="CanOpen\canopenprotocol.h">
      <Filter>Header Files</Filter>
    </CustomBuild>
    <CustomBuild Include="CanOpen\canopentestdlg.h">
      <Filter>Header Files</Filter>
    </CustomBuild>
    <CustomBuild Include="CanOpen\canopentestdlg.ui">
      <Filter>Form Files</Filter>
    </CustomBuild>
    <CustomBuild Include="channel.h">
      <Filter>Header Files</Filter>
    </CustomBuild>
    <CustomBuild Include="Distance\distance.h">
      <Filter>Header Files</Filter>
    </CustomBuild>
    <CustomBuild Include="Distance\console.h">
      <Filter>Header Files</Filter>
    </CustomBuild>
    <CustomBuild Include="Distance\serialdialog.h">
      <Filter>Header Files</Filter>
    </CustomBuild>
    <CustomBuild Include="Distance\serialdialog.ui">
      <Filter>Form Files</Filter>
    </CustomBuild>
    <CustomBuild Include="Distance\settingsdialog.h">
      <Filter>Header Files</Filter>
    </CustomBuild>
    <CustomBuild Include="Distance\settingsdialog.ui">
      <Filter>Form Files</Filter>
    </CustomBuild>
    <CustomBuild Include="CanOpen\CanNode.h">
      <Filter>Header Files</Filter>
    </CustomBuild>
    <CustomBuild Include="Distance\dataoperate.h">
      <Filter>Header Files</Filter>
    </CustomBuild>
    <CustomBuild Include="Distance\globalData.h">
      <Filter>Header Files</Filter>
    </CustomBuild>
    <CustomBuild Include="Distance\Leastsquare.h">
      <Filter>Header Files</Filter>
    </CustomBuild>
    <CustomBuild Include="SettingFiles.h">
      <Filter>Header Files</Filter>
    </CustomBuild>
    <CustomBuild Include="src\InfoMsg.h">
      <Filter>Header Files</Filter>
    </CustomBuild>
    <CustomBuild Include="GeneratedFiles\ui_canopentestdlg.h">
      <Filter>Generated Files</Filter>
    </CustomBuild>
    <CustomBuild Include="GeneratedFiles\ui_indicatorconfigdlg.h">
      <Filter>Generated Files</Filter>
    </CustomBuild>
    <CustomBuild Include="GeneratedFiles\ui_meterconfigdlg.h">
      <Filter>Generated Files</Filter>
    </CustomBuild>
    <CustomBuild Include="GeneratedFiles\ui_pageconfig.h">
      <Filter>Generated Files</Filter>
    </CustomBuild>
    <CustomBuild Include="GeneratedFiles\ui_pageconfigdlg.h">
      <Filter>Generated Files</Filter>
    </CustomBuild>
    <CustomBuild Include="GeneratedFiles\ui_serialdialog.h">
      <Filter>Generated Files</Filter>
    </CustomBuild>
    <CustomBuild Include="GeneratedFiles\ui_settingsdialog.h">
      <Filter>Generated Files</Filter>
    </CustomBuild>
    <CustomBuild Include="GeneratedFiles\ui_thermometerconfig.h">
      <Filter>Generated Files</Filter>
    </CustomBuild>
    <CustomBuild Include="GeneratedFiles\ui_dataManager.h">
      <Filter>Generated Files</Filter>
    </CustomBuild>
    <CustomBuild Include="GeneratedFiles\ui_sysconfig.h">
      <Filter>Generated Files</Filter>
    </CustomBuild>
    <CustomBuild Include="qscalesetting.h">
      <Filter>Header Files</Filter>
    </CustomBuild>
    <CustomBuild Include="qscalesetting.ui">
      <Filter>Form Files</Filter>
    </CustomBuild>
    <CustomBuild Include="addscaledata.ui">
      <Filter>Form Files</Filter>
    </CustomBuild>
    <CustomBuild Include="addscaledata.h">
      <Filter>Header Files</Filter>
    </CustomBuild>
  </ItemGroup>
  <ItemGroup>
    <ClInclude Include="GeneratedFiles\ui_qscalesetting.h">
      <Filter>Generated Files</Filter>
    </ClInclude>
    <ClInclude Include="GeneratedFiles\ui_addscaledata.h">
      <Filter>Generated Files</Filter>
    </ClInclude>
    <ClInclude Include="parameter.h">
      <Filter>Header Files</Filter>
    </ClInclude>
  </ItemGroup>
</Project>